
Microsoft Visual Studio Solution File, Format Version 12.00
# Visual Studio Version 17
VisualStudioVersion = 17.9.34728.123
MinimumVisualStudioVersion = 10.0.40219.1
Project("{FAE04EC0-301F-11D3-BF4B-00C04F79EFBC}") = "api-scholar-controll", "api-scholar-controll.csproj", "{93AE01C0-021A-4FAC-87DD-945E3CB59AD7}"
EndProject
Global
	GlobalSection(SolutionConfigurationPlatforms) = preSolution
		Debug|Any CPU = Debug|Any CPU
		Release|Any CPU = Release|Any CPU
	EndGlobalSection
	GlobalSection(ProjectConfigurationPlatforms) = postSolution
		{93AE01C0-021A-4FAC-87DD-945E3CB59AD7}.Debug|Any CPU.ActiveCfg = Debug|Any CPU
		{93AE01C0-021A-4FAC-87DD-945E3CB59AD7}.Debug|Any CPU.Build.0 = Debug|Any CPU
		{93AE01C0-021A-4FAC-87DD-945E3CB59AD7}.Release|Any CPU.ActiveCfg = Release|Any CPU
		{93AE01C0-021A-4FAC-87DD-945E3CB59AD7}.Release|Any CPU.Build.0 = Release|Any CPU
	EndGlobalSection
	GlobalSection(SolutionProperties) = preSolution
		HideSolutionNode = FALSE
	EndGlobalSection
	GlobalSection(ExtensibilityGlobals) = postSolution
		SolutionGuid = {6A3F6722-A337-4C34-90AE-3DD0895234F7}
	EndGlobalSection
EndGlobal
